
Microsoft Visual Studio Solution File, Format Version 12.00
# Visual Studio Version 17
VisualStudioVersion = 17.8.34330.188
MinimumVisualStudioVersion = 10.0.40219.1
Project("{FAE04EC0-301F-11D3-BF4B-00C04F79EFBC}") = "MoviesRecommendationsApp", "MoviesRecommendationsApp\MoviesRecommendationsApp.csproj", "{EB156162-DB7F-4249-B8A8-FEE02EBA389D}"
EndProject
Project("{FAE04EC0-301F-11D3-BF4B-00C04F79EFBC}") = "TMDBApi", "TMDBApi\TMDBApi.csproj", "{A0D9C6A6-CFDE-488C-9C58-9E4E382A0C04}"
EndProject
Global
	GlobalSection(SolutionConfigurationPlatforms) = preSolution
		Debug|Any CPU = Debug|Any CPU
		Release|Any CPU = Release|Any CPU
	EndGlobalSection
	GlobalSection(ProjectConfigurationPlatforms) = postSolution
		{EB156162-DB7F-4249-B8A8-FEE02EBA389D}.Debug|Any CPU.ActiveCfg = Debug|Any CPU
		{EB156162-DB7F-4249-B8A8-FEE02EBA389D}.Debug|Any CPU.Build.0 = Debug|Any CPU
		{EB156162-DB7F-4249-B8A8-FEE02EBA389D}.Release|Any CPU.ActiveCfg = Release|Any CPU
		{EB156162-DB7F-4249-B8A8-FEE02EBA389D}.Release|Any CPU.Build.0 = Release|Any CPU
		{A0D9C6A6-CFDE-488C-9C58-9E4E382A0C04}.Debug|Any CPU.ActiveCfg = Debug|Any CPU
		{A0D9C6A6-CFDE-488C-9C58-9E4E382A0C04}.Debug|Any CPU.Build.0 = Debug|Any CPU
		{A0D9C6A6-CFDE-488C-9C58-9E4E382A0C04}.Release|Any CPU.ActiveCfg = Release|Any CPU
		{A0D9C6A6-CFDE-488C-9C58-9E4E382A0C04}.Release|Any CPU.Build.0 = Release|Any CPU
	EndGlobalSection
	GlobalSection(SolutionProperties) = preSolution
		HideSolutionNode = FALSE
	EndGlobalSection
	GlobalSection(ExtensibilityGlobals) = postSolution
		SolutionGuid = {6DC1DCD3-67AE-4242-94B9-1FD9F0C14C61}
	EndGlobalSection
EndGlobal
